
Microsoft Visual Studio Solution File, Format Version 12.00
# Visual Studio Version 17
VisualStudioVersion = 17.6.33815.320
MinimumVisualStudioVersion = 10.0.40219.1
Project("{FAE04EC0-301F-11D3-BF4B-00C04F79EFBC}") = "Tic tac toe game", "Tic tac toe game\Tic tac toe game.csproj", "{726FFD35-506F-4741-9C00-52CBC92D7555}"
EndProject
Global
	GlobalSection(SolutionConfigurationPlatforms) = preSolution
		Debug|Any CPU = Debug|Any CPU
		Release|Any CPU = Release|Any CPU
	EndGlobalSection
	GlobalSection(ProjectConfigurationPlatforms) = postSolution
		{726FFD35-506F-4741-9C00-52CBC92D7555}.Debug|Any CPU.ActiveCfg = Debug|Any CPU
		{726FFD35-506F-4741-9C00-52CBC92D7555}.Debug|Any CPU.Build.0 = Debug|Any CPU
		{726FFD35-506F-4741-9C00-52CBC92D7555}.Release|Any CPU.ActiveCfg = Release|Any CPU
		{726FFD35-506F-4741-9C00-52CBC92D7555}.Release|Any CPU.Build.0 = Release|Any CPU
	EndGlobalSection
	GlobalSection(SolutionProperties) = preSolution
		HideSolutionNode = FALSE
	EndGlobalSection
	GlobalSection(ExtensibilityGlobals) = postSolution
		SolutionGuid = {3283253E-07DC-4B06-98E2-E633166D8C6D}
	EndGlobalSection
EndGlobal
